
Microsoft Visual Studio Solution File, Format Version 12.00
# Visual Studio Version 17
VisualStudioVersion = 17.7.34031.279
MinimumVisualStudioVersion = 10.0.40219.1
Project("{FAE04EC0-301F-11D3-BF4B-00C04F79EFBC}") = "DiceMiniGame", "DiceMiniGame\DiceMiniGame.csproj", "{B2DDD290-26EC-471B-9B14-C3316A68DC27}"
EndProject
Global
	GlobalSection(SolutionConfigurationPlatforms) = preSolution
		Debug|Any CPU = Debug|Any CPU
		Release|Any CPU = Release|Any CPU
	EndGlobalSection
	GlobalSection(ProjectConfigurationPlatforms) = postSolution
		{B2DDD290-26EC-471B-9B14-C3316A68DC27}.Debug|Any CPU.ActiveCfg = Debug|Any CPU
		{B2DDD290-26EC-471B-9B14-C3316A68DC27}.Debug|Any CPU.Build.0 = Debug|Any CPU
		{B2DDD290-26EC-471B-9B14-C3316A68DC27}.Release|Any CPU.ActiveCfg = Release|Any CPU
		{B2DDD290-26EC-471B-9B14-C3316A68DC27}.Release|Any CPU.Build.0 = Release|Any CPU
	EndGlobalSection
	GlobalSection(SolutionProperties) = preSolution
		HideSolutionNode = FALSE
	EndGlobalSection
	GlobalSection(ExtensibilityGlobals) = postSolution
		SolutionGuid = {A9E02AB5-12D9-463C-852D-96F0EF0CD7EE}
	EndGlobalSection
EndGlobal
