
Microsoft Visual Studio Solution File, Format Version 12.00
# Visual Studio Version 17
VisualStudioVersion = 17.7.34031.279
MinimumVisualStudioVersion = 10.0.40219.1
Project("{FAE04EC0-301F-11D3-BF4B-00C04F79EFBC}") = "PettingZoo", "PettingZoo\PettingZoo.csproj", "{5B122F96-9FB8-42F9-91D7-E0F1861A401C}"
EndProject
Global
	GlobalSection(SolutionConfigurationPlatforms) = preSolution
		Debug|Any CPU = Debug|Any CPU
		Release|Any CPU = Release|Any CPU
	EndGlobalSection
	GlobalSection(ProjectConfigurationPlatforms) = postSolution
		{5B122F96-9FB8-42F9-91D7-E0F1861A401C}.Debug|Any CPU.ActiveCfg = Debug|Any CPU
		{5B122F96-9FB8-42F9-91D7-E0F1861A401C}.Debug|Any CPU.Build.0 = Debug|Any CPU
		{5B122F96-9FB8-42F9-91D7-E0F1861A401C}.Release|Any CPU.ActiveCfg = Release|Any CPU
		{5B122F96-9FB8-42F9-91D7-E0F1861A401C}.Release|Any CPU.Build.0 = Release|Any CPU
	EndGlobalSection
	GlobalSection(SolutionProperties) = preSolution
		HideSolutionNode = FALSE
	EndGlobalSection
	GlobalSection(ExtensibilityGlobals) = postSolution
		SolutionGuid = {1722537E-5937-43C0-88D9-AFD9D7E23308}
	EndGlobalSection
EndGlobal
