
Microsoft Visual Studio Solution File, Format Version 12.00
# Visual Studio Version 17
VisualStudioVersion = 17.7.34031.279
MinimumVisualStudioVersion = 10.0.40219.1
Project("{FAE04EC0-301F-11D3-BF4B-00C04F79EFBC}") = "RollTheDice", "RollTheDice\RollTheDice.csproj", "{081764DA-EE27-4669-83A8-75C3F5D45A4C}"
EndProject
Global
	GlobalSection(SolutionConfigurationPlatforms) = preSolution
		Debug|Any CPU = Debug|Any CPU
		Release|Any CPU = Release|Any CPU
	EndGlobalSection
	GlobalSection(ProjectConfigurationPlatforms) = postSolution
		{081764DA-EE27-4669-83A8-75C3F5D45A4C}.Debug|Any CPU.ActiveCfg = Debug|Any CPU
		{081764DA-EE27-4669-83A8-75C3F5D45A4C}.Debug|Any CPU.Build.0 = Debug|Any CPU
		{081764DA-EE27-4669-83A8-75C3F5D45A4C}.Release|Any CPU.ActiveCfg = Release|Any CPU
		{081764DA-EE27-4669-83A8-75C3F5D45A4C}.Release|Any CPU.Build.0 = Release|Any CPU
	EndGlobalSection
	GlobalSection(SolutionProperties) = preSolution
		HideSolutionNode = FALSE
	EndGlobalSection
	GlobalSection(ExtensibilityGlobals) = postSolution
		SolutionGuid = {E6C999A1-7C46-4EBA-B0DA-8511BF613D0A}
	EndGlobalSection
EndGlobal
