
Microsoft Visual Studio Solution File, Format Version 12.00
# Visual Studio Version 17
VisualStudioVersion = 17.7.34031.279
MinimumVisualStudioVersion = 10.0.40219.1
Project("{FAE04EC0-301F-11D3-BF4B-00C04F79EFBC}") = "DisplayEmails", "DisplayEmails\DisplayEmails.csproj", "{013B992E-DA5E-4649-B7D1-3B9008267CA6}"
EndProject
Global
	GlobalSection(SolutionConfigurationPlatforms) = preSolution
		Debug|Any CPU = Debug|Any CPU
		Release|Any CPU = Release|Any CPU
	EndGlobalSection
	GlobalSection(ProjectConfigurationPlatforms) = postSolution
		{013B992E-DA5E-4649-B7D1-3B9008267CA6}.Debug|Any CPU.ActiveCfg = Debug|Any CPU
		{013B992E-DA5E-4649-B7D1-3B9008267CA6}.Debug|Any CPU.Build.0 = Debug|Any CPU
		{013B992E-DA5E-4649-B7D1-3B9008267CA6}.Release|Any CPU.ActiveCfg = Release|Any CPU
		{013B992E-DA5E-4649-B7D1-3B9008267CA6}.Release|Any CPU.Build.0 = Release|Any CPU
	EndGlobalSection
	GlobalSection(SolutionProperties) = preSolution
		HideSolutionNode = FALSE
	EndGlobalSection
	GlobalSection(ExtensibilityGlobals) = postSolution
		SolutionGuid = {E22AB792-3445-479A-9E40-90291423CDFF}
	EndGlobalSection
EndGlobal
